
Microsoft Visual Studio Solution File, Format Version 12.00
# Visual Studio Version 17
VisualStudioVersion = 17.5.002.0
MinimumVisualStudioVersion = 10.0.40219.1
Project("{9A19103F-16F7-4668-BE54-9A1E7A4F7556}") = "persons-mvc", "persons-mvc.csproj", "{C6EAC898-BB70-46D8-A5F0-24613958C6A7}"
EndProject
Global
	GlobalSection(SolutionConfigurationPlatforms) = preSolution
		Debug|Any CPU = Debug|Any CPU
		Release|Any CPU = Release|Any CPU
	EndGlobalSection
	GlobalSection(ProjectConfigurationPlatforms) = postSolution
		{C6EAC898-BB70-46D8-A5F0-24613958C6A7}.Debug|Any CPU.ActiveCfg = Debug|Any CPU
		{C6EAC898-BB70-46D8-A5F0-24613958C6A7}.Debug|Any CPU.Build.0 = Debug|Any CPU
		{C6EAC898-BB70-46D8-A5F0-24613958C6A7}.Release|Any CPU.ActiveCfg = Release|Any CPU
		{C6EAC898-BB70-46D8-A5F0-24613958C6A7}.Release|Any CPU.Build.0 = Release|Any CPU
	EndGlobalSection
	GlobalSection(SolutionProperties) = preSolution
		HideSolutionNode = FALSE
	EndGlobalSection
	GlobalSection(ExtensibilityGlobals) = postSolution
		SolutionGuid = {8ED704C8-CD9C-4765-82AF-4E05F915A1B0}
	EndGlobalSection
EndGlobal
